// !$*UTF8*$!
{
	archiveVersion = 1;
	classes = {
	};
	objectVersion = 56;
	objects = {

/* Begin PBXBuildFile section */
		914E5F3C2AE402B400DD018F /* AppDelegate.swift in Sources */ = {isa = PBXBuildFile; fileRef = 914E5F3B2AE402B400DD018F /* AppDelegate.swift */; };
		914E5F3E2AE402B400DD018F /* SceneDelegate.swift in Sources */ = {isa = PBXBuildFile; fileRef = 914E5F3D2AE402B400DD018F /* SceneDelegate.swift */; };
		914E5F402AE402B400DD018F /* ViewController.swift in Sources */ = {isa = PBXBuildFile; fileRef = 914E5F3F2AE402B400DD018F /* ViewController.swift */; };
		914E5F452AE402B700DD018F /* Assets.xcassets in Resources */ = {isa = PBXBuildFile; fileRef = 914E5F442AE402B700DD018F /* Assets.xcassets */; };
		914E5F482AE402B700DD018F /* LaunchScreen.storyboard in Resources */ = {isa = PBXBuildFile; fileRef = 914E5F462AE402B700DD018F /* LaunchScreen.storyboard */; };
		914E5F532AE402B800DD018F /* AppTestTests.swift in Sources */ = {isa = PBXBuildFile; fileRef = 914E5F522AE402B800DD018F /* AppTestTests.swift */; };
		914E5F5D2AE402B800DD018F /* AppTestUITests.swift in Sources */ = {isa = PBXBuildFile; fileRef = 914E5F5C2AE402B800DD018F /* AppTestUITests.swift */; };
		914E5F5F2AE402B800DD018F /* AppTestUITestsLaunchTests.swift in Sources */ = {isa = PBXBuildFile; fileRef = 914E5F5E2AE402B800DD018F /* AppTestUITestsLaunchTests.swift */; };
		914E5F6E2AE4080300DD018F /* MainTabBarController.swift in Sources */ = {isa = PBXBuildFile; fileRef = 914E5F6D2AE4080300DD018F /* MainTabBarController.swift */; };
		914E5F702AE4086200DD018F /* HomeViewController.swift in Sources */ = {isa = PBXBuildFile; fileRef = 914E5F6F2AE4086200DD018F /* HomeViewController.swift */; };
		914E5F722AE4087A00DD018F /* FoundViewController.swift in Sources */ = {isa = PBXBuildFile; fileRef = 914E5F712AE4087A00DD018F /* FoundViewController.swift */; };
		914E5F742AE4088E00DD018F /* MineViewController.swift in Sources */ = {isa = PBXBuildFile; fileRef = 914E5F732AE4088E00DD018F /* MineViewController.swift */; };
		CA8A96419D182BCCBF1F98CC /* Pods_AppTest.framework in Frameworks */ = {isa = PBXBuildFile; fileRef = F25CF5DDC199DFEDE0CB3206 /* Pods_AppTest.framework */; };
/* End PBXBuildFile section */

/* Begin PBXContainerItemProxy section */
		914E5F4F2AE402B800DD018F /* PBXContainerItemProxy */ = {
			isa = PBXContainerItemProxy;
			containerPortal = 914E5F302AE402B400DD018F /* Project object */;
			proxyType = 1;
			remoteGlobalIDString = 914E5F372AE402B400DD018F;
			remoteInfo = AppTest;
		};
		914E5F592AE402B800DD018F /* PBXContainerItemProxy */ = {
			isa = PBXContainerItemProxy;
			containerPortal = 914E5F302AE402B400DD018F /* Project object */;
			proxyType = 1;
			remoteGlobalIDString = 914E5F372AE402B400DD018F;
			remoteInfo = AppTest;
		};
/* End PBXContainerItemProxy section */

/* Begin PBXFileReference section */
		42C422DBF103FD00997DD68D /* Pods-AppTest.debug.xcconfig */ = {isa = PBXFileReference; includeInIndex = 1; lastKnownFileType = text.xcconfig; name = "Pods-AppTest.debug.xcconfig"; path = "Target Support Files/Pods-AppTest/Pods-AppTest.debug.xcconfig"; sourceTree = "<group>"; };
		7B1EEDA147A569A54D1F3056 /* Pods-AppTest.release.xcconfig */ = {isa = PBXFileReference; includeInIndex = 1; lastKnownFileType = text.xcconfig; name = "Pods-AppTest.release.xcconfig"; path = "Target Support Files/Pods-AppTest/Pods-AppTest.release.xcconfig"; sourceTree = "<group>"; };
		914E5F382AE402B400DD018F /* AppTest.app */ = {isa = PBXFileReference; explicitFileType = wrapper.application; includeInIndex = 0; path = AppTest.app; sourceTree = BUILT_PRODUCTS_DIR; };
		914E5F3B2AE402B400DD018F /* AppDelegate.swift */ = {isa = PBXFileReference; lastKnownFileType = sourcecode.swift; path = AppDelegate.swift; sourceTree = "<group>"; };
		914E5F3D2AE402B400DD018F /* SceneDelegate.swift */ = {isa = PBXFileReference; lastKnownFileType = sourcecode.swift; path = SceneDelegate.swift; sourceTree = "<group>"; };
		914E5F3F2AE402B400DD018F /* ViewController.swift */ = {isa = PBXFileReference; lastKnownFileType = sourcecode.swift; path = ViewController.swift; sourceTree = "<group>"; };
		914E5F442AE402B700DD018F /* Assets.xcassets */ = {isa = PBXFileReference; lastKnownFileType = folder.assetcatalog; path = Assets.xcassets; sourceTree = "<group>"; };
		914E5F472AE402B700DD018F /* Base */ = {isa = PBXFileReference; lastKnownFileType = file.storyboard; name = Base; path = Base.lproj/LaunchScreen.storyboard; sourceTree = "<group>"; };
		914E5F492AE402B700DD018F /* Info.plist */ = {isa = PBXFileReference; lastKnownFileType = text.plist.xml; path = Info.plist; sourceTree = "<group>"; };
		914E5F4E2AE402B800DD018F /* AppTestTests.xctest */ = {isa = PBXFileReference; explicitFileType = wrapper.cfbundle; includeInIndex = 0; path = AppTestTests.xctest; sourceTree = BUILT_PRODUCTS_DIR; };
		914E5F522AE402B800DD018F /* AppTestTests.swift */ = {isa = PBXFileReference; lastKnownFileType = sourcecode.swift; path = AppTestTests.swift; sourceTree = "<group>"; };
		914E5F582AE402B800DD018F /* AppTestUITests.xctest */ = {isa = PBXFileReference; explicitFileType = wrapper.cfbundle; includeInIndex = 0; path = AppTestUITests.xctest; sourceTree = BUILT_PRODUCTS_DIR; };
		914E5F5C2AE402B800DD018F /* AppTestUITests.swift */ = {isa = PBXFileReference; lastKnownFileType = sourcecode.swift; path = AppTestUITests.swift; sourceTree = "<group>"; };
		914E5F5E2AE402B800DD018F /* AppTestUITestsLaunchTests.swift */ = {isa = PBXFileReference; lastKnownFileType = sourcecode.swift; path = AppTestUITestsLaunchTests.swift; sourceTree = "<group>"; };
		914E5F6D2AE4080300DD018F /* MainTabBarController.swift */ = {isa = PBXFileReference; lastKnownFileType = sourcecode.swift; path = MainTabBarController.swift; sourceTree = "<group>"; };
		914E5F6F2AE4086200DD018F /* HomeViewController.swift */ = {isa = PBXFileReference; lastKnownFileType = sourcecode.swift; path = HomeViewController.swift; sourceTree = "<group>"; };
		914E5F712AE4087A00DD018F /* FoundViewController.swift */ = {isa = PBXFileReference; lastKnownFileType = sourcecode.swift; path = FoundViewController.swift; sourceTree = "<group>"; };
		914E5F732AE4088E00DD018F /* MineViewController.swift */ = {isa = PBXFileReference; lastKnownFileType = sourcecode.swift; path = MineViewController.swift; sourceTree = "<group>"; };
		F25CF5DDC199DFEDE0CB3206 /* Pods_AppTest.framework */ = {isa = PBXFileReference; explicitFileType = wrapper.framework; includeInIndex = 0; path = Pods_AppTest.framework; sourceTree = BUILT_PRODUCTS_DIR; };
/* End PBXFileReference section */

/* Begin PBXFrameworksBuildPhase section */
		914E5F352AE402B400DD018F /* Frameworks */ = {
			isa = PBXFrameworksBuildPhase;
			buildActionMask = 2147483647;
			files = (
				CA8A96419D182BCCBF1F98CC /* Pods_AppTest.framework in Frameworks */,
			);
			runOnlyForDeploymentPostprocessing = 0;
		};
		914E5F4B2AE402B800DD018F /* Frameworks */ = {
			isa = PBXFrameworksBuildPhase;
			buildActionMask = 2147483647;
			files = (
			);
			runOnlyForDeploymentPostprocessing = 0;
		};
		914E5F552AE402B800DD018F /* Frameworks */ = {
			isa = PBXFrameworksBuildPhase;
			buildActionMask = 2147483647;
			files = (
			);
			runOnlyForDeploymentPostprocessing = 0;
		};
/* End PBXFrameworksBuildPhase section */

/* Begin PBXGroup section */
		2826828C6F476128CCE47E59 /* Frameworks */ = {
			isa = PBXGroup;
			children = (
				F25CF5DDC199DFEDE0CB3206 /* Pods_AppTest.framework */,
			);
			name = Frameworks;
			sourceTree = "<group>";
		};
		707E0165DC7F050CABC50F90 /* Pods */ = {
			isa = PBXGroup;
			children = (
				42C422DBF103FD00997DD68D /* Pods-AppTest.debug.xcconfig */,
				7B1EEDA147A569A54D1F3056 /* Pods-AppTest.release.xcconfig */,
			);
			path = Pods;
			sourceTree = "<group>";
		};
		914E5F2F2AE402B400DD018F = {
			isa = PBXGroup;
			children = (
				914E5F3A2AE402B400DD018F /* AppTest */,
				914E5F512AE402B800DD018F /* AppTestTests */,
				914E5F5B2AE402B800DD018F /* AppTestUITests */,
				914E5F392AE402B400DD018F /* Products */,
				707E0165DC7F050CABC50F90 /* Pods */,
				2826828C6F476128CCE47E59 /* Frameworks */,
			);
			sourceTree = "<group>";
		};
		914E5F392AE402B400DD018F /* Products */ = {
			isa = PBXGroup;
			children = (
				914E5F382AE402B400DD018F /* AppTest.app */,
				914E5F4E2AE402B800DD018F /* AppTestTests.xctest */,
				914E5F582AE402B800DD018F /* AppTestUITests.xctest */,
			);
			name = Products;
			sourceTree = "<group>";
		};
		914E5F3A2AE402B400DD018F /* AppTest */ = {
			isa = PBXGroup;
			children = (
				914E5F6C2AE407DC00DD018F /* ViewControllers */,
				914E5F6B2AE407AD00DD018F /* MainTabBarController */,
				914E5F3B2AE402B400DD018F /* AppDelegate.swift */,
				914E5F3D2AE402B400DD018F /* SceneDelegate.swift */,
				914E5F3F2AE402B400DD018F /* ViewController.swift */,
				914E5F442AE402B700DD018F /* Assets.xcassets */,
				914E5F462AE402B700DD018F /* LaunchScreen.storyboard */,
				914E5F492AE402B700DD018F /* Info.plist */,
			);
			path = AppTest;
			sourceTree = "<group>";
		};
		914E5F512AE402B800DD018F /* AppTestTests */ = {
			isa = PBXGroup;
			children = (
				914E5F522AE402B800DD018F /* AppTestTests.swift */,
			);
			path = AppTestTests;
			sourceTree = "<group>";
		};
		914E5F5B2AE402B800DD018F /* AppTestUITests */ = {
			isa = PBXGroup;
			children = (
				914E5F5C2AE402B800DD018F /* AppTestUITests.swift */,
				914E5F5E2AE402B800DD018F /* AppTestUITestsLaunchTests.swift */,
			);
			path = AppTestUITests;
			sourceTree = "<group>";
		};
		914E5F6B2AE407AD00DD018F /* MainTabBarController */ = {
			isa = PBXGroup;
			children = (
				914E5F6D2AE4080300DD018F /* MainTabBarController.swift */,
			);
			path = MainTabBarController;
			sourceTree = "<group>";
		};
		914E5F6C2AE407DC00DD018F /* ViewControllers */ = {
			isa = PBXGroup;
			children = (
				914E5F6F2AE4086200DD018F /* HomeViewController.swift */,
				914E5F712AE4087A00DD018F /* FoundViewController.swift */,
				914E5F732AE4088E00DD018F /* MineViewController.swift */,
			);
			path = ViewControllers;
			sourceTree = "<group>";
		};
/* End PBXGroup section */

/* Begin PBXNativeTarget section */
		914E5F372AE402B400DD018F /* AppTest */ = {
			isa = PBXNativeTarget;
			buildConfigurationList = 914E5F622AE402B800DD018F /* Build configuration list for PBXNativeTarget "AppTest" */;
			buildPhases = (
				7768D75E3A160C2852F65B07 /* [CP] Check Pods Manifest.lock */,
				914E5F342AE402B400DD018F /* Sources */,
				914E5F352AE402B400DD018F /* Frameworks */,
				914E5F362AE402B400DD018F /* Resources */,
				E4253C78DC5F57E723EBC6F3 /* [CP] Embed Pods Frameworks */,
			);
			buildRules = (
			);
			dependencies = (
			);
			name = AppTest;
			productName = AppTest;
			productReference = 914E5F382AE402B400DD018F /* AppTest.app */;
			productType = "com.apple.product-type.application";
		};
		914E5F4D2AE402B800DD018F /* AppTestTests */ = {
			isa = PBXNativeTarget;
			buildConfigurationList = 914E5F652AE402B800DD018F /* Build configuration list for PBXNativeTarget "AppTestTests" */;
			buildPhases = (
				914E5F4A2AE402B800DD018F /* Sources */,
				914E5F4B2AE402B800DD018F /* Frameworks */,
				914E5F4C2AE402B800DD018F /* Resources */,
			);
			buildRules = (
			);
			dependencies = (
				914E5F502AE402B800DD018F /* PBXTargetDependency */,
			);
			name = AppTestTests;
			productName = AppTestTests;
			productReference = 914E5F4E2AE402B800DD018F /* AppTestTests.xctest */;
			productType = "com.apple.product-type.bundle.unit-test";
		};
		914E5F572AE402B800DD018F /* AppTestUITests */ = {
			isa = PBXNativeTarget;
			buildConfigurationList = 914E5F682AE402B800DD018F /* Build configuration list for PBXNativeTarget "AppTestUITests" */;
			buildPhases = (
				914E5F542AE402B800DD018F /* Sources */,
				914E5F552AE402B800DD018F /* Frameworks */,
				914E5F562AE402B800DD018F /* Resources */,
			);
			buildRules = (
			);
			dependencies = (
				914E5F5A2AE402B800DD018F /* PBXTargetDependency */,
			);
			name = AppTestUITests;
			productName = AppTestUITests;
			productReference = 914E5F582AE402B800DD018F /* AppTestUITests.xctest */;
			productType = "com.apple.product-type.bundle.ui-testing";
		};
/* End PBXNativeTarget section */

/* Begin PBXProject section */
		914E5F302AE402B400DD018F /* Project object */ = {
			isa = PBXProject;
			attributes = {
				BuildIndependentTargetsInParallel = 1;
				LastSwiftUpdateCheck = 1500;
				LastUpgradeCheck = 1500;
				TargetAttributes = {
					914E5F372AE402B400DD018F = {
						CreatedOnToolsVersion = 15.0;
					};
					914E5F4D2AE402B800DD018F = {
						CreatedOnToolsVersion = 15.0;
						TestTargetID = 914E5F372AE402B400DD018F;
					};
					914E5F572AE402B800DD018F = {
						CreatedOnToolsVersion = 15.0;
						TestTargetID = 914E5F372AE402B400DD018F;
					};
				};
			};
			buildConfigurationList = 914E5F332AE402B400DD018F /* Build configuration list for PBXProject "AppTest" */;
			compatibilityVersion = "Xcode 14.0";
			developmentRegion = en;
			hasScannedForEncodings = 0;
			knownRegions = (
				en,
				Base,
			);
			mainGroup = 914E5F2F2AE402B400DD018F;
			productRefGroup = 914E5F392AE402B400DD018F /* Products */;
			projectDirPath = "";
			projectRoot = "";
			targets = (
				914E5F372AE402B400DD018F /* AppTest */,
				914E5F4D2AE402B800DD018F /* AppTestTests */,
				914E5F572AE402B800DD018F /* AppTestUITests */,
			);
		};
/* End PBXProject section */

/* Begin PBXResourcesBuildPhase section */
		914E5F362AE402B400DD018F /* Resources */ = {
			isa = PBXResourcesBuildPhase;
			buildActionMask = 2147483647;
			files = (
				914E5F482AE402B700DD018F /* LaunchScreen.storyboard in Resources */,
				914E5F452AE402B700DD018F /* Assets.xcassets in Resources */,
			);
			runOnlyForDeploymentPostprocessing = 0;
		};
		914E5F4C2AE402B800DD018F /* Resources */ = {
			isa = PBXResourcesBuildPhase;
			buildActionMask = 2147483647;
			files = (
			);
			runOnlyForDeploymentPostprocessing = 0;
		};
		914E5F562AE402B800DD018F /* Resources */ = {
			isa = PBXResourcesBuildPhase;
			buildActionMask = 2147483647;
			files = (
			);
			runOnlyForDeploymentPostprocessing = 0;
		};
/* End PBXResourcesBuildPhase section */

/* Begin PBXShellScriptBuildPhase section */
		7768D75E3A160C2852F65B07 /* [CP] Check Pods Manifest.lock */ = {
			isa = PBXShellScriptBuildPhase;
			buildActionMask = 2147483647;
			files = (
			);
			inputFileListPaths = (
			);
			inputPaths = (
				"${PODS_PODFILE_DIR_PATH}/Podfile.lock",
				"${PODS_ROOT}/Manifest.lock",
			);
			name = "[CP] Check Pods Manifest.lock";
			outputFileListPaths = (
			);
			outputPaths = (
				"$(DERIVED_FILE_DIR)/Pods-AppTest-checkManifestLockResult.txt",
			);
			runOnlyForDeploymentPostprocessing = 0;
			shellPath = /bin/sh;
			shellScript = "diff \"${PODS_PODFILE_DIR_PATH}/Podfile.lock\" \"${PODS_ROOT}/Manifest.lock\" > /dev/null\nif [ $? != 0 ] ; then\n    # print error to STDERR\n    echo \"error: The sandbox is not in sync with the Podfile.lock. Run 'pod install' or update your CocoaPods installation.\" >&2\n    exit 1\nfi\n# This output is used by Xcode 'outputs' to avoid re-running this script phase.\necho \"SUCCESS\" > \"${SCRIPT_OUTPUT_FILE_0}\"\n";
			showEnvVarsInLog = 0;
		};
		E4253C78DC5F57E723EBC6F3 /* [CP] Embed Pods Frameworks */ = {
			isa = PBXShellScriptBuildPhase;
			buildActionMask = 2147483647;
			files = (
			);
			inputFileListPaths = (
				"${PODS_ROOT}/Target Support Files/Pods-AppTest/Pods-AppTest-frameworks-${CONFIGURATION}-input-files.xcfilelist",
			);
			name = "[CP] Embed Pods Frameworks";
			outputFileListPaths = (
				"${PODS_ROOT}/Target Support Files/Pods-AppTest/Pods-AppTest-frameworks-${CONFIGURATION}-output-files.xcfilelist",
			);
			runOnlyForDeploymentPostprocessing = 0;
			shellPath = /bin/sh;
			shellScript = "\"${PODS_ROOT}/Target Support Files/Pods-AppTest/Pods-AppTest-frameworks.sh\"\n";
			showEnvVarsInLog = 0;
		};
/* End PBXShellScriptBuildPhase section */

/* Begin PBXSourcesBuildPhase section */
		914E5F342AE402B400DD018F /* Sources */ = {
			isa = PBXSourcesBuildPhase;
			buildActionMask = 2147483647;
			files = (
				914E5F702AE4086200DD018F /* HomeViewController.swift in Sources */,
				914E5F402AE402B400DD018F /* ViewController.swift in Sources */,
				914E5F3C2AE402B400DD018F /* AppDelegate.swift in Sources */,
				914E5F742AE4088E00DD018F /* MineViewController.swift in Sources */,
				914E5F6E2AE4080300DD018F /* MainTabBarController.swift in Sources */,
				914E5F3E2AE402B400DD018F /* SceneDelegate.swift in Sources */,
				914E5F722AE4087A00DD018F /* FoundViewController.swift in Sources */,
			);
			runOnlyForDeploymentPostprocessing = 0;
		};
		914E5F4A2AE402B800DD018F /* Sources */ = {
			isa = PBXSourcesBuildPhase;
			buildActionMask = 2147483647;
			files = (
				914E5F532AE402B800DD018F /* AppTestTests.swift in Sources */,
			);
			runOnlyForDeploymentPostprocessing = 0;
		};
		914E5F542AE402B800DD018F /* Sources */ = {
			isa = PBXSourcesBuildPhase;
			buildActionMask = 2147483647;
			files = (
				914E5F5F2AE402B800DD018F /* AppTestUITestsLaunchTests.swift in Sources */,
				914E5F5D2AE402B800DD018F /* AppTestUITests.swift in Sources */,
			);
			runOnlyForDeploymentPostprocessing = 0;
		};
/* End PBXSourcesBuildPhase section */

/* Begin PBXTargetDependency section */
		914E5F502AE402B800DD018F /* PBXTargetDependency */ = {
			isa = PBXTargetDependency;
			target = 914E5F372AE402B400DD018F /* AppTest */;
			targetProxy = 914E5F4F2AE402B800DD018F /* PBXContainerItemProxy */;
		};
		914E5F5A2AE402B800DD018F /* PBXTargetDependency */ = {
			isa = PBXTargetDependency;
			target = 914E5F372AE402B400DD018F /* AppTest */;
			targetProxy = 914E5F592AE402B800DD018F /* PBXContainerItemProxy */;
		};
/* End PBXTargetDependency section */

/* Begin PBXVariantGroup section */
		914E5F462AE402B700DD018F /* LaunchScreen.storyboard */ = {
			isa = PBXVariantGroup;
			children = (
				914E5F472AE402B700DD018F /* Base */,
			);
			name = LaunchScreen.storyboard;
			sourceTree = "<group>";
		};
/* End PBXVariantGroup section */

/* Begin XCBuildConfiguration section */
		914E5F602AE402B800DD018F /* Debug */ = {
			isa = XCBuildConfiguration;
			buildSettings = {
				ALWAYS_SEARCH_USER_PATHS = NO;
				ASSETCATALOG_COMPILER_GENERATE_SWIFT_ASSET_SYMBOL_EXTENSIONS = YES;
				CLANG_ANALYZER_NONNULL = YES;
				CLANG_ANALYZER_NUMBER_OBJECT_CONVERSION = YES_AGGRESSIVE;
				CLANG_CXX_LANGUAGE_STANDARD = "gnu++20";
				CLANG_ENABLE_MODULES = YES;
				CLANG_ENABLE_OBJC_ARC = YES;
				CLANG_ENABLE_OBJC_WEAK = YES;
				CLANG_WARN_BLOCK_CAPTURE_AUTORELEASING = YES;
				CLANG_WARN_BOOL_CONVERSION = YES;
				CLANG_WARN_COMMA = YES;
				CLANG_WARN_CONSTANT_CONVERSION = YES;
				CLANG_WARN_DEPRECATED_OBJC_IMPLEMENTATIONS = YES;
				CLANG_WARN_DIRECT_OBJC_ISA_USAGE = YES_ERROR;
				CLANG_WARN_DOCUMENTATION_COMMENTS = YES;
				CLANG_WARN_EMPTY_BODY = YES;
				CLANG_WARN_ENUM_CONVERSION = YES;
				CLANG_WARN_INFINITE_RECURSION = YES;
				CLANG_WARN_INT_CONVERSION = YES;
				CLANG_WARN_NON_LITERAL_NULL_CONVERSION = YES;
				CLANG_WARN_OBJC_IMPLICIT_RETAIN_SELF = YES;
				CLANG_WARN_OBJC_LITERAL_CONVERSION = YES;
				CLANG_WARN_OBJC_ROOT_CLASS = YES_ERROR;
				CLANG_WARN_QUOTED_INCLUDE_IN_FRAMEWORK_HEADER = YES;
				CLANG_WARN_RANGE_LOOP_ANALYSIS = YES;
				CLANG_WARN_STRICT_PROTOTYPES = YES;
				CLANG_WARN_SUSPICIOUS_MOVE = YES;
				CLANG_WARN_UNGUARDED_AVAILABILITY = YES_AGGRESSIVE;
				CLANG_WARN_UNREACHABLE_CODE = YES;
				CLANG_WARN__DUPLICATE_METHOD_MATCH = YES;
				COPY_PHASE_STRIP = NO;
				DEBUG_INFORMATION_FORMAT = dwarf;
				ENABLE_STRICT_OBJC_MSGSEND = YES;
				ENABLE_TESTABILITY = YES;
				ENABLE_USER_SCRIPT_SANDBOXING = NO;
				GCC_C_LANGUAGE_STANDARD = gnu17;
				GCC_DYNAMIC_NO_PIC = NO;
				GCC_NO_COMMON_BLOCKS = YES;
				GCC_OPTIMIZATION_LEVEL = 0;
				GCC_PREPROCESSOR_DEFINITIONS = (
					"DEBUG=1",
					"$(inherited)",
				);
				GCC_WARN_64_TO_32_BIT_CONVERSION = YES;
				GCC_WARN_ABOUT_RETURN_TYPE = YES_ERROR;
				GCC_WARN_UNDECLARED_SELECTOR = YES;
				GCC_WARN_UNINITIALIZED_AUTOS = YES_AGGRESSIVE;
				GCC_WARN_UNUSED_FUNCTION = YES;
				GCC_WARN_UNUSED_VARIABLE = YES;
				IPHONEOS_DEPLOYMENT_TARGET = 17.0;
				LOCALIZATION_PREFERS_STRING_CATALOGS = YES;
				MTL_ENABLE_DEBUG_INFO = INCLUDE_SOURCE;
				MTL_FAST_MATH = YES;
				ONLY_ACTIVE_ARCH = YES;
				SDKROOT = iphoneos;
				SWIFT_ACTIVE_COMPILATION_CONDITIONS = "DEBUG $(inherited)";
				SWIFT_OPTIMIZATION_LEVEL = "-Onone";
			};
			name = Debug;
		};
		914E5F612AE402B800DD018F /* Release */ = {
			isa = XCBuildConfiguration;
			buildSettings = {
				ALWAYS_SEARCH_USER_PATHS = NO;
				ASSETCATALOG_COMPILER_GENERATE_SWIFT_ASSET_SYMBOL_EXTENSIONS = YES;
				CLANG_ANALYZER_NONNULL = YES;
				CLANG_ANALYZER_NUMBER_OBJECT_CONVERSION = YES_AGGRESSIVE;
				CLANG_CXX_LANGUAGE_STANDARD = "gnu++20";
				CLANG_ENABLE_MODULES = YES;
				CLANG_ENABLE_OBJC_ARC = YES;
				CLANG_ENABLE_OBJC_WEAK = YES;
				CLANG_WARN_BLOCK_CAPTURE_AUTORELEASING = YES;
				CLANG_WARN_BOOL_CONVERSION = YES;
				CLANG_WARN_COMMA = YES;
				CLANG_WARN_CONSTANT_CONVERSION = YES;
				CLANG_WARN_DEPRECATED_OBJC_IMPLEMENTATIONS = YES;
				CLANG_WARN_DIRECT_OBJC_ISA_USAGE = YES_ERROR;
				CLANG_WARN_DOCUMENTATION_COMMENTS = YES;
				CLANG_WARN_EMPTY_BODY = YES;
				CLANG_WARN_ENUM_CONVERSION = YES;
				CLANG_WARN_INFINITE_RECURSION = YES;
				CLANG_WARN_INT_CONVERSION = YES;
				CLANG_WARN_NON_LITERAL_NULL_CONVERSION = YES;
				CLANG_WARN_OBJC_IMPLICIT_RETAIN_SELF = YES;
				CLANG_WARN_OBJC_LITERAL_CONVERSION = YES;
				CLANG_WARN_OBJC_ROOT_CLASS = YES_ERROR;
				CLANG_WARN_QUOTED_INCLUDE_IN_FRAMEWORK_HEADER = YES;
				CLANG_WARN_RANGE_LOOP_ANALYSIS = YES;
				CLANG_WARN_STRICT_PROTOTYPES = YES;
				CLANG_WARN_SUSPICIOUS_MOVE = YES;
				CLANG_WARN_UNGUARDED_AVAILABILITY = YES_AGGRESSIVE;
				CLANG_WARN_UNREACHABLE_CODE = YES;
				CLANG_WARN__DUPLICATE_METHOD_MATCH = YES;
				COPY_PHASE_STRIP = NO;
				DEBUG_INFORMATION_FORMAT = "dwarf-with-dsym";
				ENABLE_NS_ASSERTIONS = NO;
				ENABLE_STRICT_OBJC_MSGSEND = YES;
				ENABLE_USER_SCRIPT_SANDBOXING = NO;
				GCC_C_LANGUAGE_STANDARD = gnu17;
				GCC_NO_COMMON_BLOCKS = YES;
				GCC_WARN_64_TO_32_BIT_CONVERSION = YES;
				GCC_WARN_ABOUT_RETURN_TYPE = YES_ERROR;
				GCC_WARN_UNDECLARED_SELECTOR = YES;
				GCC_WARN_UNINITIALIZED_AUTOS = YES_AGGRESSIVE;
				GCC_WARN_UNUSED_FUNCTION = YES;
				GCC_WARN_UNUSED_VARIABLE = YES;
				IPHONEOS_DEPLOYMENT_TARGET = 17.0;
				LOCALIZATION_PREFERS_STRING_CATALOGS = YES;
				MTL_ENABLE_DEBUG_INFO = NO;
				MTL_FAST_MATH = YES;
				SDKROOT = iphoneos;
				SWIFT_COMPILATION_MODE = wholemodule;
				VALIDATE_PRODUCT = YES;
			};
			name = Release;
		};
		914E5F632AE402B800DD018F /* Debug */ = {
			isa = XCBuildConfiguration;
			baseConfigurationReference = 42C422DBF103FD00997DD68D /* Pods-AppTest.debug.xcconfig */;
			buildSettings = {
				ASSETCATALOG_COMPILER_APPICON_NAME = AppIcon;
				ASSETCATALOG_COMPILER_GLOBAL_ACCENT_COLOR_NAME = AccentColor;
				CODE_SIGN_STYLE = Automatic;
				CURRENT_PROJECT_VERSION = 1;
				GENERATE_INFOPLIST_FILE = YES;
				INFOPLIST_FILE = AppTest/Info.plist;
				INFOPLIST_KEY_UIApplicationSupportsIndirectInputEvents = YES;
				INFOPLIST_KEY_UILaunchStoryboardName = LaunchScreen;
				INFOPLIST_KEY_UISupportedInterfaceOrientations_iPad = "UIInterfaceOrientationPortrait UIInterfaceOrientationPortraitUpsideDown UIInterfaceOrientationLandscapeLeft UIInterfaceOrientationLandscapeRight";
				INFOPLIST_KEY_UISupportedInterfaceOrientations_iPhone = "UIInterfaceOrientationPortrait UIInterfaceOrientationLandscapeLeft UIInterfaceOrientationLandscapeRight";
				LD_RUNPATH_SEARCH_PATHS = (
					"$(inherited)",
					"@executable_path/Frameworks",
				);
				MARKETING_VERSION = 1.0;
				PRODUCT_BUNDLE_IDENTIFIER = zhf.AppTest;
				PRODUCT_NAME = "$(TARGET_NAME)";
				SWIFT_EMIT_LOC_STRINGS = YES;
				SWIFT_VERSION = 5.0;
				TARGETED_DEVICE_FAMILY = "1,2";
			};
			name = Debug;
		};
		914E5F642AE402B800DD018F /* Release */ = {
			isa = XCBuildConfiguration;
			baseConfigurationReference = 7B1EEDA147A569A54D1F3056 /* Pods-AppTest.release.xcconfig */;
			buildSettings = {
				ASSETCATALOG_COMPILER_APPICON_NAME = AppIcon;
				ASSETCATALOG_COMPILER_GLOBAL_ACCENT_COLOR_NAME = AccentColor;
				CODE_SIGN_STYLE = Automatic;
				CURRENT_PROJECT_VERSION = 1;
				GENERATE_INFOPLIST_FILE = YES;
				INFOPLIST_FILE = AppTest/Info.plist;
				INFOPLIST_KEY_UIApplicationSupportsIndirectInputEvents = YES;
				INFOPLIST_KEY_UILaunchStoryboardName = LaunchScreen;
				INFOPLIST_KEY_UISupportedInterfaceOrientations_iPad = "UIInterfaceOrientationPortrait UIInterfaceOrientationPortraitUpsideDown UIInterfaceOrientationLandscapeLeft UIInterfaceOrientationLandscapeRight";
				INFOPLIST_KEY_UISupportedInterfaceOrientations_iPhone = "UIInterfaceOrientationPortrait UIInterfaceOrientationLandscapeLeft UIInterfaceOrientationLandscapeRight";
				LD_RUNPATH_SEARCH_PATHS = (
					"$(inherited)",
					"@executable_path/Frameworks",
				);
				MARKETING_VERSION = 1.0;
				PRODUCT_BUNDLE_IDENTIFIER = zhf.AppTest;
				PRODUCT_NAME = "$(TARGET_NAME)";
				SWIFT_EMIT_LOC_STRINGS = YES;
				SWIFT_VERSION = 5.0;
				TARGETED_DEVICE_FAMILY = "1,2";
			};
			name = Release;
		};
		914E5F662AE402B800DD018F /* Debug */ = {
			isa = XCBuildConfiguration;
			buildSettings = {
				ALWAYS_EMBED_SWIFT_STANDARD_LIBRARIES = YES;
				BUNDLE_LOADER = "$(TEST_HOST)";
				CODE_SIGN_STYLE = Automatic;
				CURRENT_PROJECT_VERSION = 1;
				GENERATE_INFOPLIST_FILE = YES;
				IPHONEOS_DEPLOYMENT_TARGET = 17.0;
				MARKETING_VERSION = 1.0;
				PRODUCT_BUNDLE_IDENTIFIER = zhf.AppTestTests;
				PRODUCT_NAME = "$(TARGET_NAME)";
				SWIFT_EMIT_LOC_STRINGS = NO;
				SWIFT_VERSION = 5.0;
				TARGETED_DEVICE_FAMILY = "1,2";
				TEST_HOST = "$(BUILT_PRODUCTS_DIR)/AppTest.app/$(BUNDLE_EXECUTABLE_FOLDER_PATH)/AppTest";
			};
			name = Debug;
		};
		914E5F672AE402B800DD018F /* Release */ = {
			isa = XCBuildConfiguration;
			buildSettings = {
				ALWAYS_EMBED_SWIFT_STANDARD_LIBRARIES = YES;
				BUNDLE_LOADER = "$(TEST_HOST)";
				CODE_SIGN_STYLE = Automatic;
				CURRENT_PROJECT_VERSION = 1;
				GENERATE_INFOPLIST_FILE = YES;
				IPHONEOS_DEPLOYMENT_TARGET = 17.0;
				MARKETING_VERSION = 1.0;
				PRODUCT_BUNDLE_IDENTIFIER = zhf.AppTestTests;
				PRODUCT_NAME = "$(TARGET_NAME)";
				SWIFT_EMIT_LOC_STRINGS = NO;
				SWIFT_VERSION = 5.0;
				TARGETED_DEVICE_FAMILY = "1,2";
				TEST_HOST = "$(BUILT_PRODUCTS_DIR)/AppTest.app/$(BUNDLE_EXECUTABLE_FOLDER_PATH)/AppTest";
			};
			name = Release;
		};
		914E5F692AE402B800DD018F /* Debug */ = {
			isa = XCBuildConfiguration;
			buildSettings = {
				ALWAYS_EMBED_SWIFT_STANDARD_LIBRARIES = YES;
				CODE_SIGN_STYLE = Automatic;
				CURRENT_PROJECT_VERSION = 1;
				GENERATE_INFOPLIST_FILE = YES;
				MARKETING_VERSION = 1.0;
				PRODUCT_BUNDLE_IDENTIFIER = zhf.AppTestUITests;
				PRODUCT_NAME = "$(TARGET_NAME)";
				SWIFT_EMIT_LOC_STRINGS = NO;
				SWIFT_VERSION = 5.0;
				TARGETED_DEVICE_FAMILY = "1,2";
				TEST_TARGET_NAME = AppTest;
			};
			name = Debug;
		};
		914E5F6A2AE402B800DD018F /* Release */ = {
			isa = XCBuildConfiguration;
			buildSettings = {
				ALWAYS_EMBED_SWIFT_STANDARD_LIBRARIES = YES;
				CODE_SIGN_STYLE = Automatic;
				CURRENT_PROJECT_VERSION = 1;
				GENERATE_INFOPLIST_FILE = YES;
				MARKETING_VERSION = 1.0;
				PRODUCT_BUNDLE_IDENTIFIER = zhf.AppTestUITests;
				PRODUCT_NAME = "$(TARGET_NAME)";
				SWIFT_EMIT_LOC_STRINGS = NO;
				SWIFT_VERSION = 5.0;
				TARGETED_DEVICE_FAMILY = "1,2";
				TEST_TARGET_NAME = AppTest;
			};
			name = Release;
		};
/* End XCBuildConfiguration section */

/* Begin XCConfigurationList section */
		914E5F332AE402B400DD018F /* Build configuration list for PBXProject "AppTest" */ = {
			isa = XCConfigurationList;
			buildConfigurations = (
				914E5F602AE402B800DD018F /* Debug */,
				914E5F612AE402B800DD018F /* Release */,
			);
			defaultConfigurationIsVisible = 0;
			defaultConfigurationName = Release;
		};
		914E5F622AE402B800DD018F /* Build configuration list for PBXNativeTarget "AppTest" */ = {
			isa = XCConfigurationList;
			buildConfigurations = (
				914E5F632AE402B800DD018F /* Debug */,
				914E5F642AE402B800DD018F /* Release */,
			);
			defaultConfigurationIsVisible = 0;
			defaultConfigurationName = Release;
		};
		914E5F652AE402B800DD018F /* Build configuration list for PBXNativeTarget "AppTestTests" */ = {
			isa = XCConfigurationList;
			buildConfigurations = (
				914E5F662AE402B800DD018F /* Debug */,
				914E5F672AE402B800DD018F /* Release */,
			);
			defaultConfigurationIsVisible = 0;
			defaultConfigurationName = Release;
		};
		914E5F682AE402B800DD018F /* Build configuration list for PBXNativeTarget "AppTestUITests" */ = {
			isa = XCConfigurationList;
			buildConfigurations = (
				914E5F692AE402B800DD018F /* Debug */,
				914E5F6A2AE402B800DD018F /* Release */,
			);
			defaultConfigurationIsVisible = 0;
			defaultConfigurationName = Release;
		};
/* End XCConfigurationList section */
	};
	rootObject = 914E5F302AE402B400DD018F /* Project object */;
}
